
Microsoft Visual Studio Solution File, Format Version 12.00
# Visual Studio Version 17
VisualStudioVersion = 17.13.35919.96 d17.13
MinimumVisualStudioVersion = 10.0.40219.1
Project("{FAE04EC0-301F-11D3-BF4B-00C04F79EFBC}") = "methodhidingexample", "methodhidingexample\methodhidingexample.csproj", "{B9C80C11-3E5E-4FF3-935F-5E3F8D762632}"
EndProject
Global
	GlobalSection(SolutionConfigurationPlatforms) = preSolution
		Debug|Any CPU = Debug|Any CPU
		Release|Any CPU = Release|Any CPU
	EndGlobalSection
	GlobalSection(ProjectConfigurationPlatforms) = postSolution
		{B9C80C11-3E5E-4FF3-935F-5E3F8D762632}.Debug|Any CPU.ActiveCfg = Debug|Any CPU
		{B9C80C11-3E5E-4FF3-935F-5E3F8D762632}.Debug|Any CPU.Build.0 = Debug|Any CPU
		{B9C80C11-3E5E-4FF3-935F-5E3F8D762632}.Release|Any CPU.ActiveCfg = Release|Any CPU
		{B9C80C11-3E5E-4FF3-935F-5E3F8D762632}.Release|Any CPU.Build.0 = Release|Any CPU
	EndGlobalSection
	GlobalSection(SolutionProperties) = preSolution
		HideSolutionNode = FALSE
	EndGlobalSection
	GlobalSection(ExtensibilityGlobals) = postSolution
		SolutionGuid = {23940EE6-8272-480D-9CE1-BA8D9FC71F52}
	EndGlobalSection
EndGlobal
