
Microsoft Visual Studio Solution File, Format Version 12.00
# Visual Studio Version 17
VisualStudioVersion = 17.13.35919.96 d17.13
MinimumVisualStudioVersion = 10.0.40219.1
Project("{FAE04EC0-301F-11D3-BF4B-00C04F79EFBC}") = "generic collection", "generic collection\generic collection.csproj", "{4D4DC7ED-0444-4958-8157-E3924618AF42}"
EndProject
Project("{FAE04EC0-301F-11D3-BF4B-00C04F79EFBC}") = "dictionary", "..\dictionary\dictionary.csproj", "{18E8C49B-6C1C-488D-BB5E-1A77CBBA1925}"
EndProject
Global
	GlobalSection(SolutionConfigurationPlatforms) = preSolution
		Debug|Any CPU = Debug|Any CPU
		Release|Any CPU = Release|Any CPU
	EndGlobalSection
	GlobalSection(ProjectConfigurationPlatforms) = postSolution
		{4D4DC7ED-0444-4958-8157-E3924618AF42}.Debug|Any CPU.ActiveCfg = Debug|Any CPU
		{4D4DC7ED-0444-4958-8157-E3924618AF42}.Debug|Any CPU.Build.0 = Debug|Any CPU
		{4D4DC7ED-0444-4958-8157-E3924618AF42}.Release|Any CPU.ActiveCfg = Release|Any CPU
		{4D4DC7ED-0444-4958-8157-E3924618AF42}.Release|Any CPU.Build.0 = Release|Any CPU
		{18E8C49B-6C1C-488D-BB5E-1A77CBBA1925}.Debug|Any CPU.ActiveCfg = Debug|Any CPU
		{18E8C49B-6C1C-488D-BB5E-1A77CBBA1925}.Debug|Any CPU.Build.0 = Debug|Any CPU
		{18E8C49B-6C1C-488D-BB5E-1A77CBBA1925}.Release|Any CPU.ActiveCfg = Release|Any CPU
		{18E8C49B-6C1C-488D-BB5E-1A77CBBA1925}.Release|Any CPU.Build.0 = Release|Any CPU
	EndGlobalSection
	GlobalSection(SolutionProperties) = preSolution
		HideSolutionNode = FALSE
	EndGlobalSection
	GlobalSection(ExtensibilityGlobals) = postSolution
		SolutionGuid = {D072B623-6B82-4AC4-AD96-DCFA99FA17A6}
	EndGlobalSection
EndGlobal
