
Microsoft Visual Studio Solution File, Format Version 12.00
# Visual Studio Version 17
VisualStudioVersion = 17.13.35919.96 d17.13
MinimumVisualStudioVersion = 10.0.40219.1
Project("{FAE04EC0-301F-11D3-BF4B-00C04F79EFBC}") = "mathlibrory2", "mathlibrory2\mathlibrory2.csproj", "{0A5BF901-5106-4E83-B6E0-24381F83C936}"
EndProject
Project("{FAE04EC0-301F-11D3-BF4B-00C04F79EFBC}") = "mathlibroryclinet", "mathlibroryclinet\mathlibroryclinet.csproj", "{CD17869E-7444-4873-8146-FF5D5749EF7F}"
EndProject
Global
	GlobalSection(SolutionConfigurationPlatforms) = preSolution
		Debug|Any CPU = Debug|Any CPU
		Release|Any CPU = Release|Any CPU
	EndGlobalSection
	GlobalSection(ProjectConfigurationPlatforms) = postSolution
		{0A5BF901-5106-4E83-B6E0-24381F83C936}.Debug|Any CPU.ActiveCfg = Debug|Any CPU
		{0A5BF901-5106-4E83-B6E0-24381F83C936}.Debug|Any CPU.Build.0 = Debug|Any CPU
		{0A5BF901-5106-4E83-B6E0-24381F83C936}.Release|Any CPU.ActiveCfg = Release|Any CPU
		{0A5BF901-5106-4E83-B6E0-24381F83C936}.Release|Any CPU.Build.0 = Release|Any CPU
		{CD17869E-7444-4873-8146-FF5D5749EF7F}.Debug|Any CPU.ActiveCfg = Debug|Any CPU
		{CD17869E-7444-4873-8146-FF5D5749EF7F}.Debug|Any CPU.Build.0 = Debug|Any CPU
		{CD17869E-7444-4873-8146-FF5D5749EF7F}.Release|Any CPU.ActiveCfg = Release|Any CPU
		{CD17869E-7444-4873-8146-FF5D5749EF7F}.Release|Any CPU.Build.0 = Release|Any CPU
	EndGlobalSection
	GlobalSection(SolutionProperties) = preSolution
		HideSolutionNode = FALSE
	EndGlobalSection
	GlobalSection(ExtensibilityGlobals) = postSolution
		SolutionGuid = {43BF41BE-0C04-4378-A2E8-20B5F68B987A}
	EndGlobalSection
EndGlobal
