
Microsoft Visual Studio Solution File, Format Version 12.00
# Visual Studio Version 17
VisualStudioVersion = 17.13.35919.96 d17.13
MinimumVisualStudioVersion = 10.0.40219.1
Project("{FAE04EC0-301F-11D3-BF4B-00C04F79EFBC}") = "thisprogram", "thisprogram\thisprogram.csproj", "{F1DD0459-9609-4B71-BED8-5EAA066F7792}"
EndProject
Global
	GlobalSection(SolutionConfigurationPlatforms) = preSolution
		Debug|Any CPU = Debug|Any CPU
		Release|Any CPU = Release|Any CPU
	EndGlobalSection
	GlobalSection(ProjectConfigurationPlatforms) = postSolution
		{F1DD0459-9609-4B71-BED8-5EAA066F7792}.Debug|Any CPU.ActiveCfg = Debug|Any CPU
		{F1DD0459-9609-4B71-BED8-5EAA066F7792}.Debug|Any CPU.Build.0 = Debug|Any CPU
		{F1DD0459-9609-4B71-BED8-5EAA066F7792}.Release|Any CPU.ActiveCfg = Release|Any CPU
		{F1DD0459-9609-4B71-BED8-5EAA066F7792}.Release|Any CPU.Build.0 = Release|Any CPU
	EndGlobalSection
	GlobalSection(SolutionProperties) = preSolution
		HideSolutionNode = FALSE
	EndGlobalSection
	GlobalSection(ExtensibilityGlobals) = postSolution
		SolutionGuid = {A4972509-183E-4C6E-8F66-263A52A5F446}
	EndGlobalSection
EndGlobal
