
Microsoft Visual Studio Solution File, Format Version 12.00
# Visual Studio Version 17
VisualStudioVersion = 17.13.35919.96 d17.13
MinimumVisualStudioVersion = 10.0.40219.1
Project("{FAE04EC0-301F-11D3-BF4B-00C04F79EFBC}") = "inheritance", "inheritance\inheritance.csproj", "{2C4BCE7D-B662-4B77-95EA-86C8E1173D12}"
EndProject
Project("{FAE04EC0-301F-11D3-BF4B-00C04F79EFBC}") = "singleinhertance", "..\singleinhertance\singleinhertance.csproj", "{81CFB8C6-A5B6-428C-81EE-D963ED125AAD}"
EndProject
Project("{FAE04EC0-301F-11D3-BF4B-00C04F79EFBC}") = "multilevelinhertnace", "..\multilevelinhertnace\multilevelinhertnace.csproj", "{7B92A2F5-07A5-4249-B146-4C145748DF9D}"
EndProject
Project("{FAE04EC0-301F-11D3-BF4B-00C04F79EFBC}") = "Hierarchical Inheritance", "..\Hierarchical Inheritance\Hierarchical Inheritance.csproj", "{40EEC43A-161D-434A-A29E-AB1A03A04671}"
EndProject
Global
	GlobalSection(SolutionConfigurationPlatforms) = preSolution
		Debug|Any CPU = Debug|Any CPU
		Release|Any CPU = Release|Any CPU
	EndGlobalSection
	GlobalSection(ProjectConfigurationPlatforms) = postSolution
		{2C4BCE7D-B662-4B77-95EA-86C8E1173D12}.Debug|Any CPU.ActiveCfg = Debug|Any CPU
		{2C4BCE7D-B662-4B77-95EA-86C8E1173D12}.Debug|Any CPU.Build.0 = Debug|Any CPU
		{2C4BCE7D-B662-4B77-95EA-86C8E1173D12}.Release|Any CPU.ActiveCfg = Release|Any CPU
		{2C4BCE7D-B662-4B77-95EA-86C8E1173D12}.Release|Any CPU.Build.0 = Release|Any CPU
		{81CFB8C6-A5B6-428C-81EE-D963ED125AAD}.Debug|Any CPU.ActiveCfg = Debug|Any CPU
		{81CFB8C6-A5B6-428C-81EE-D963ED125AAD}.Debug|Any CPU.Build.0 = Debug|Any CPU
		{81CFB8C6-A5B6-428C-81EE-D963ED125AAD}.Release|Any CPU.ActiveCfg = Release|Any CPU
		{81CFB8C6-A5B6-428C-81EE-D963ED125AAD}.Release|Any CPU.Build.0 = Release|Any CPU
		{7B92A2F5-07A5-4249-B146-4C145748DF9D}.Debug|Any CPU.ActiveCfg = Debug|Any CPU
		{7B92A2F5-07A5-4249-B146-4C145748DF9D}.Debug|Any CPU.Build.0 = Debug|Any CPU
		{7B92A2F5-07A5-4249-B146-4C145748DF9D}.Release|Any CPU.ActiveCfg = Release|Any CPU
		{7B92A2F5-07A5-4249-B146-4C145748DF9D}.Release|Any CPU.Build.0 = Release|Any CPU
		{40EEC43A-161D-434A-A29E-AB1A03A04671}.Debug|Any CPU.ActiveCfg = Debug|Any CPU
		{40EEC43A-161D-434A-A29E-AB1A03A04671}.Debug|Any CPU.Build.0 = Debug|Any CPU
		{40EEC43A-161D-434A-A29E-AB1A03A04671}.Release|Any CPU.ActiveCfg = Release|Any CPU
		{40EEC43A-161D-434A-A29E-AB1A03A04671}.Release|Any CPU.Build.0 = Release|Any CPU
	EndGlobalSection
	GlobalSection(SolutionProperties) = preSolution
		HideSolutionNode = FALSE
	EndGlobalSection
	GlobalSection(ExtensibilityGlobals) = postSolution
		SolutionGuid = {DED422AD-0D1D-431C-898D-4AE6F3518531}
	EndGlobalSection
EndGlobal
