
Microsoft Visual Studio Solution File, Format Version 12.00
# Visual Studio Version 17
VisualStudioVersion = 17.13.35919.96 d17.13
MinimumVisualStudioVersion = 10.0.40219.1
Project("{FAE04EC0-301F-11D3-BF4B-00C04F79EFBC}") = "for loop", "for loop\for loop.csproj", "{BF0A9648-052D-46C7-B0E0-E705D83467AF}"
EndProject
Project("{FAE04EC0-301F-11D3-BF4B-00C04F79EFBC}") = "do while loop", "do while loop\do while loop.csproj", "{EF73ED89-C85E-40DC-B267-FC7C51009697}"
EndProject
Project("{FAE04EC0-301F-11D3-BF4B-00C04F79EFBC}") = "while loop", "..\while loop\while loop.csproj", "{6BAFE02B-1DFF-4451-80E0-BD2E8BC8904B}"
EndProject
Project("{FAE04EC0-301F-11D3-BF4B-00C04F79EFBC}") = "switch", "..\switch\switch.csproj", "{B769ED18-2F3E-485A-ADF1-390BF97D4F74}"
EndProject
Global
	GlobalSection(SolutionConfigurationPlatforms) = preSolution
		Debug|Any CPU = Debug|Any CPU
		Release|Any CPU = Release|Any CPU
	EndGlobalSection
	GlobalSection(ProjectConfigurationPlatforms) = postSolution
		{BF0A9648-052D-46C7-B0E0-E705D83467AF}.Debug|Any CPU.ActiveCfg = Debug|Any CPU
		{BF0A9648-052D-46C7-B0E0-E705D83467AF}.Debug|Any CPU.Build.0 = Debug|Any CPU
		{BF0A9648-052D-46C7-B0E0-E705D83467AF}.Release|Any CPU.ActiveCfg = Release|Any CPU
		{BF0A9648-052D-46C7-B0E0-E705D83467AF}.Release|Any CPU.Build.0 = Release|Any CPU
		{EF73ED89-C85E-40DC-B267-FC7C51009697}.Debug|Any CPU.ActiveCfg = Debug|Any CPU
		{EF73ED89-C85E-40DC-B267-FC7C51009697}.Debug|Any CPU.Build.0 = Debug|Any CPU
		{EF73ED89-C85E-40DC-B267-FC7C51009697}.Release|Any CPU.ActiveCfg = Release|Any CPU
		{EF73ED89-C85E-40DC-B267-FC7C51009697}.Release|Any CPU.Build.0 = Release|Any CPU
		{6BAFE02B-1DFF-4451-80E0-BD2E8BC8904B}.Debug|Any CPU.ActiveCfg = Debug|Any CPU
		{6BAFE02B-1DFF-4451-80E0-BD2E8BC8904B}.Debug|Any CPU.Build.0 = Debug|Any CPU
		{6BAFE02B-1DFF-4451-80E0-BD2E8BC8904B}.Release|Any CPU.ActiveCfg = Release|Any CPU
		{6BAFE02B-1DFF-4451-80E0-BD2E8BC8904B}.Release|Any CPU.Build.0 = Release|Any CPU
		{B769ED18-2F3E-485A-ADF1-390BF97D4F74}.Debug|Any CPU.ActiveCfg = Debug|Any CPU
		{B769ED18-2F3E-485A-ADF1-390BF97D4F74}.Debug|Any CPU.Build.0 = Debug|Any CPU
		{B769ED18-2F3E-485A-ADF1-390BF97D4F74}.Release|Any CPU.ActiveCfg = Release|Any CPU
		{B769ED18-2F3E-485A-ADF1-390BF97D4F74}.Release|Any CPU.Build.0 = Release|Any CPU
	EndGlobalSection
	GlobalSection(SolutionProperties) = preSolution
		HideSolutionNode = FALSE
	EndGlobalSection
	GlobalSection(ExtensibilityGlobals) = postSolution
		SolutionGuid = {8E236459-03AB-4FC2-8B37-3B2EDCF4383D}
	EndGlobalSection
EndGlobal
