
Microsoft Visual Studio Solution File, Format Version 12.00
# Visual Studio Version 17
VisualStudioVersion = 17.13.35919.96 d17.13
MinimumVisualStudioVersion = 10.0.40219.1
Project("{FAE04EC0-301F-11D3-BF4B-00C04F79EFBC}") = "interfaceexaple", "interfaceexaple\interfaceexaple.csproj", "{4B0776C6-7063-419C-BCF1-46AE625494D0}"
EndProject
Project("{FAE04EC0-301F-11D3-BF4B-00C04F79EFBC}") = "multipleinterface", "..\multipleinterface\multipleinterface.csproj", "{5C61CF0A-10D3-408B-95D7-A902A336D326}"
EndProject
Global
	GlobalSection(SolutionConfigurationPlatforms) = preSolution
		Debug|Any CPU = Debug|Any CPU
		Release|Any CPU = Release|Any CPU
	EndGlobalSection
	GlobalSection(ProjectConfigurationPlatforms) = postSolution
		{4B0776C6-7063-419C-BCF1-46AE625494D0}.Debug|Any CPU.ActiveCfg = Debug|Any CPU
		{4B0776C6-7063-419C-BCF1-46AE625494D0}.Debug|Any CPU.Build.0 = Debug|Any CPU
		{4B0776C6-7063-419C-BCF1-46AE625494D0}.Release|Any CPU.ActiveCfg = Release|Any CPU
		{4B0776C6-7063-419C-BCF1-46AE625494D0}.Release|Any CPU.Build.0 = Release|Any CPU
		{5C61CF0A-10D3-408B-95D7-A902A336D326}.Debug|Any CPU.ActiveCfg = Debug|Any CPU
		{5C61CF0A-10D3-408B-95D7-A902A336D326}.Debug|Any CPU.Build.0 = Debug|Any CPU
		{5C61CF0A-10D3-408B-95D7-A902A336D326}.Release|Any CPU.ActiveCfg = Release|Any CPU
		{5C61CF0A-10D3-408B-95D7-A902A336D326}.Release|Any CPU.Build.0 = Release|Any CPU
	EndGlobalSection
	GlobalSection(SolutionProperties) = preSolution
		HideSolutionNode = FALSE
	EndGlobalSection
	GlobalSection(ExtensibilityGlobals) = postSolution
		SolutionGuid = {1719FB4D-5C1D-4F02-9A31-560FE4E4E6CC}
	EndGlobalSection
EndGlobal
