
Microsoft Visual Studio Solution File, Format Version 12.00
# Visual Studio Version 17
VisualStudioVersion = 17.13.35919.96 d17.13
MinimumVisualStudioVersion = 10.0.40219.1
Project("{FAE04EC0-301F-11D3-BF4B-00C04F79EFBC}") = "Generic", "Generic.csproj", "{5F3518FE-D880-252C-E1C8-9A3A947AC2AF}"
EndProject
Project("{FAE04EC0-301F-11D3-BF4B-00C04F79EFBC}") = "generimethod", "..\generimethod\generimethod.csproj", "{E5BF74B4-71D2-473F-ABE1-35BDBB13885C}"
EndProject
Global
	GlobalSection(SolutionConfigurationPlatforms) = preSolution
		Debug|Any CPU = Debug|Any CPU
		Release|Any CPU = Release|Any CPU
	EndGlobalSection
	GlobalSection(ProjectConfigurationPlatforms) = postSolution
		{5F3518FE-D880-252C-E1C8-9A3A947AC2AF}.Debug|Any CPU.ActiveCfg = Debug|Any CPU
		{5F3518FE-D880-252C-E1C8-9A3A947AC2AF}.Debug|Any CPU.Build.0 = Debug|Any CPU
		{5F3518FE-D880-252C-E1C8-9A3A947AC2AF}.Release|Any CPU.ActiveCfg = Release|Any CPU
		{5F3518FE-D880-252C-E1C8-9A3A947AC2AF}.Release|Any CPU.Build.0 = Release|Any CPU
		{E5BF74B4-71D2-473F-ABE1-35BDBB13885C}.Debug|Any CPU.ActiveCfg = Debug|Any CPU
		{E5BF74B4-71D2-473F-ABE1-35BDBB13885C}.Debug|Any CPU.Build.0 = Debug|Any CPU
		{E5BF74B4-71D2-473F-ABE1-35BDBB13885C}.Release|Any CPU.ActiveCfg = Release|Any CPU
		{E5BF74B4-71D2-473F-ABE1-35BDBB13885C}.Release|Any CPU.Build.0 = Release|Any CPU
	EndGlobalSection
	GlobalSection(SolutionProperties) = preSolution
		HideSolutionNode = FALSE
	EndGlobalSection
	GlobalSection(ExtensibilityGlobals) = postSolution
		SolutionGuid = {05A526F1-937F-4B95-9F0D-712441313AB1}
	EndGlobalSection
EndGlobal
