
Microsoft Visual Studio Solution File, Format Version 12.00
# Visual Studio Version 17
VisualStudioVersion = 17.13.35919.96 d17.13
MinimumVisualStudioVersion = 10.0.40219.1
Project("{FAE04EC0-301F-11D3-BF4B-00C04F79EFBC}") = "abstract-ecapulation", "abstract-ecapulation\abstract-ecapulation.csproj", "{3209F753-A6A3-44A7-A4A2-1296AD34103A}"
EndProject
Global
	GlobalSection(SolutionConfigurationPlatforms) = preSolution
		Debug|Any CPU = Debug|Any CPU
		Release|Any CPU = Release|Any CPU
	EndGlobalSection
	GlobalSection(ProjectConfigurationPlatforms) = postSolution
		{3209F753-A6A3-44A7-A4A2-1296AD34103A}.Debug|Any CPU.ActiveCfg = Debug|Any CPU
		{3209F753-A6A3-44A7-A4A2-1296AD34103A}.Debug|Any CPU.Build.0 = Debug|Any CPU
		{3209F753-A6A3-44A7-A4A2-1296AD34103A}.Release|Any CPU.ActiveCfg = Release|Any CPU
		{3209F753-A6A3-44A7-A4A2-1296AD34103A}.Release|Any CPU.Build.0 = Release|Any CPU
	EndGlobalSection
	GlobalSection(SolutionProperties) = preSolution
		HideSolutionNode = FALSE
	EndGlobalSection
	GlobalSection(ExtensibilityGlobals) = postSolution
		SolutionGuid = {3EC6097E-7DD1-4D5C-B20B-C117969BBAC7}
	EndGlobalSection
EndGlobal
