
Microsoft Visual Studio Solution File, Format Version 12.00
# Visual Studio Version 17
VisualStudioVersion = 17.13.35919.96 d17.13
MinimumVisualStudioVersion = 10.0.40219.1
Project("{FAE04EC0-301F-11D3-BF4B-00C04F79EFBC}") = "exception handling", "exception handling\exception handling.csproj", "{0FCB5545-472C-4FCC-B2B7-113182953515}"
EndProject
Project("{FAE04EC0-301F-11D3-BF4B-00C04F79EFBC}") = "exception handling example", "..\exception handling example\exception handling example.csproj", "{EC0AD1C6-32EF-46DA-8267-4A9FA0E24614}"
EndProject
Global
	GlobalSection(SolutionConfigurationPlatforms) = preSolution
		Debug|Any CPU = Debug|Any CPU
		Release|Any CPU = Release|Any CPU
	EndGlobalSection
	GlobalSection(ProjectConfigurationPlatforms) = postSolution
		{0FCB5545-472C-4FCC-B2B7-113182953515}.Debug|Any CPU.ActiveCfg = Debug|Any CPU
		{0FCB5545-472C-4FCC-B2B7-113182953515}.Debug|Any CPU.Build.0 = Debug|Any CPU
		{0FCB5545-472C-4FCC-B2B7-113182953515}.Release|Any CPU.ActiveCfg = Release|Any CPU
		{0FCB5545-472C-4FCC-B2B7-113182953515}.Release|Any CPU.Build.0 = Release|Any CPU
		{EC0AD1C6-32EF-46DA-8267-4A9FA0E24614}.Debug|Any CPU.ActiveCfg = Debug|Any CPU
		{EC0AD1C6-32EF-46DA-8267-4A9FA0E24614}.Debug|Any CPU.Build.0 = Debug|Any CPU
		{EC0AD1C6-32EF-46DA-8267-4A9FA0E24614}.Release|Any CPU.ActiveCfg = Release|Any CPU
		{EC0AD1C6-32EF-46DA-8267-4A9FA0E24614}.Release|Any CPU.Build.0 = Release|Any CPU
	EndGlobalSection
	GlobalSection(SolutionProperties) = preSolution
		HideSolutionNode = FALSE
	EndGlobalSection
	GlobalSection(ExtensibilityGlobals) = postSolution
		SolutionGuid = {64DB75E5-293D-41EA-922D-C39692E9500A}
	EndGlobalSection
EndGlobal
